
Microsoft Visual Studio Solution File, Format Version 12.00
# Visual Studio 15
VisualStudioVersion = 15.0.28307.438
MinimumVisualStudioVersion = 10.0.40219.1
Project("{FAE04EC0-301F-11D3-BF4B-00C04F79EFBC}") = "SSS-System", "SSS-System\SSS-System.csproj", "{7255F3B3-C830-4310-B33E-E69D1F6C92D1}"
EndProject
Global
	GlobalSection(SolutionConfigurationPlatforms) = preSolution
		Debug|Any CPU = Debug|Any CPU
		Release|Any CPU = Release|Any CPU
	EndGlobalSection
	GlobalSection(ProjectConfigurationPlatforms) = postSolution
		{7255F3B3-C830-4310-B33E-E69D1F6C92D1}.Debug|Any CPU.ActiveCfg = Debug|Any CPU
		{7255F3B3-C830-4310-B33E-E69D1F6C92D1}.Debug|Any CPU.Build.0 = Debug|Any CPU
		{7255F3B3-C830-4310-B33E-E69D1F6C92D1}.Release|Any CPU.ActiveCfg = Release|Any CPU
		{7255F3B3-C830-4310-B33E-E69D1F6C92D1}.Release|Any CPU.Build.0 = Release|Any CPU
	EndGlobalSection
	GlobalSection(SolutionProperties) = preSolution
		HideSolutionNode = FALSE
	EndGlobalSection
	GlobalSection(ExtensibilityGlobals) = postSolution
		SolutionGuid = {52519FB3-AED2-4B23-9D1F-2DB78B56AAE8}
	EndGlobalSection
EndGlobal
